// !$*UTF8*$!
{
	archiveVersion = 1;
	classes = {
	};
	objectVersion = 60;
	objects = {

/* Begin PBXBuildFile section */
		E00D2D992AC809ED0037AB1F /* UIFont Extension.swift in Sources */ = {isa = PBXBuildFile; fileRef = E00D2D982AC809ED0037AB1F /* UIFont Extension.swift */; };
		E00D2D9B2AC80BE10037AB1F /* CALayerExtension.swift in Sources */ = {isa = PBXBuildFile; fileRef = E00D2D9A2AC80BE10037AB1F /* CALayerExtension.swift */; };
		E00D2D9D2AC813170037AB1F /* CarsListViewController.swift in Sources */ = {isa = PBXBuildFile; fileRef = E00D2D9C2AC813170037AB1F /* CarsListViewController.swift */; };
		E00D2DA02AC8141E0037AB1F /* CarsTableViewCell.swift in Sources */ = {isa = PBXBuildFile; fileRef = E00D2D9E2AC8141E0037AB1F /* CarsTableViewCell.swift */; };
		E00D2DA12AC8141E0037AB1F /* CarsTableViewCell.xib in Resources */ = {isa = PBXBuildFile; fileRef = E00D2D9F2AC8141E0037AB1F /* CarsTableViewCell.xib */; };
		E00D2DA32AC823A90037AB1F /* TableViewExtension.swift in Sources */ = {isa = PBXBuildFile; fileRef = E00D2DA22AC823A90037AB1F /* TableViewExtension.swift */; };
		E03542A02AD2957F002B9286 /* CalculateHelper.swift in Sources */ = {isa = PBXBuildFile; fileRef = E035429F2AD2957F002B9286 /* CalculateHelper.swift */; };
		E03542A22AD2AD90002B9286 /* StringExtension.swift in Sources */ = {isa = PBXBuildFile; fileRef = E03542A12AD2AD90002B9286 /* StringExtension.swift */; };
		E03542A42AD2B769002B9286 /* Int Extension.swift in Sources */ = {isa = PBXBuildFile; fileRef = E03542A32AD2B769002B9286 /* Int Extension.swift */; };
		E04F31992AC9A04400959600 /* CarsDashboardViewModel.swift in Sources */ = {isa = PBXBuildFile; fileRef = E04F31982AC9A04400959600 /* CarsDashboardViewModel.swift */; };
		E056082B2AC41947008ED041 /* AppDelegate.swift in Sources */ = {isa = PBXBuildFile; fileRef = E056082A2AC41947008ED041 /* AppDelegate.swift */; };
		E056082D2AC41947008ED041 /* SceneDelegate.swift in Sources */ = {isa = PBXBuildFile; fileRef = E056082C2AC41947008ED041 /* SceneDelegate.swift */; };
		E056082F2AC41947008ED041 /* CarsDashboardViewController.swift in Sources */ = {isa = PBXBuildFile; fileRef = E056082E2AC41947008ED041 /* CarsDashboardViewController.swift */; };
		E05608322AC41947008ED041 /* Main.storyboard in Resources */ = {isa = PBXBuildFile; fileRef = E05608302AC41947008ED041 /* Main.storyboard */; };
		E05608342AC41947008ED041 /* Assets.xcassets in Resources */ = {isa = PBXBuildFile; fileRef = E05608332AC41947008ED041 /* Assets.xcassets */; };
		E05608372AC41947008ED041 /* LaunchScreen.storyboard in Resources */ = {isa = PBXBuildFile; fileRef = E05608352AC41947008ED041 /* LaunchScreen.storyboard */; };
		E05608422AC41948008ED041 /* Cars_HubTests.swift in Sources */ = {isa = PBXBuildFile; fileRef = E05608412AC41948008ED041 /* Cars_HubTests.swift */; };
		E056084C2AC41948008ED041 /* Cars_HubUITests.swift in Sources */ = {isa = PBXBuildFile; fileRef = E056084B2AC41948008ED041 /* Cars_HubUITests.swift */; };
		E056084E2AC41948008ED041 /* Cars_HubUITestsLaunchTests.swift in Sources */ = {isa = PBXBuildFile; fileRef = E056084D2AC41948008ED041 /* Cars_HubUITestsLaunchTests.swift */; };
		E0A45D5C2AC41AAE007F4BA8 /* DataManager.swift in Sources */ = {isa = PBXBuildFile; fileRef = E0A45D5B2AC41AAE007F4BA8 /* DataManager.swift */; };
		E0A45D5E2AC41AD0007F4BA8 /* DateExtension.swift in Sources */ = {isa = PBXBuildFile; fileRef = E0A45D5D2AC41AD0007F4BA8 /* DateExtension.swift */; };
		E0A45D602AC41ADF007F4BA8 /* UIColorExtension.swift in Sources */ = {isa = PBXBuildFile; fileRef = E0A45D5F2AC41ADF007F4BA8 /* UIColorExtension.swift */; };
		E0A45D622AC41AED007F4BA8 /* UIImageViewExtension.swift in Sources */ = {isa = PBXBuildFile; fileRef = E0A45D612AC41AED007F4BA8 /* UIImageViewExtension.swift */; };
		E0A45D642AC41AFD007F4BA8 /* UIViewControllerExtension.swift in Sources */ = {isa = PBXBuildFile; fileRef = E0A45D632AC41AFD007F4BA8 /* UIViewControllerExtension.swift */; };
		E0A45D662AC41B59007F4BA8 /* AlertManager.swift in Sources */ = {isa = PBXBuildFile; fileRef = E0A45D652AC41B59007F4BA8 /* AlertManager.swift */; };
		E0A45D682AC41BB2007F4BA8 /* WebServices.swift in Sources */ = {isa = PBXBuildFile; fileRef = E0A45D672AC41BB2007F4BA8 /* WebServices.swift */; };
		E0A45D6A2AC41C39007F4BA8 /* Coordinator.swift in Sources */ = {isa = PBXBuildFile; fileRef = E0A45D692AC41C39007F4BA8 /* Coordinator.swift */; };
		E0A45D6D2AC41F1A007F4BA8 /* CarsData.swift in Sources */ = {isa = PBXBuildFile; fileRef = E0A45D6C2AC41F1A007F4BA8 /* CarsData.swift */; };
		E0EB03522AD1378400B103BC /* SDWebImage in Frameworks */ = {isa = PBXBuildFile; productRef = E0EB03512AD1378400B103BC /* SDWebImage */; };
		E0EB03542AD1378400B103BC /* SDWebImageMapKit in Frameworks */ = {isa = PBXBuildFile; productRef = E0EB03532AD1378400B103BC /* SDWebImageMapKit */; };
		E0EB03592AD14D3600B103BC /* CarDetailsTableViewCell.swift in Sources */ = {isa = PBXBuildFile; fileRef = E0EB03572AD14D3600B103BC /* CarDetailsTableViewCell.swift */; };
		E0EB035A2AD14D3600B103BC /* CarDetailsTableViewCell.xib in Resources */ = {isa = PBXBuildFile; fileRef = E0EB03582AD14D3600B103BC /* CarDetailsTableViewCell.xib */; };
/* End PBXBuildFile section */

/* Begin PBXContainerItemProxy section */
		E056083E2AC41948008ED041 /* PBXContainerItemProxy */ = {
			isa = PBXContainerItemProxy;
			containerPortal = E056081F2AC41947008ED041 /* Project object */;
			proxyType = 1;
			remoteGlobalIDString = E05608262AC41947008ED041;
			remoteInfo = "Cars Hub";
		};
		E05608482AC41948008ED041 /* PBXContainerItemProxy */ = {
			isa = PBXContainerItemProxy;
			containerPortal = E056081F2AC41947008ED041 /* Project object */;
			proxyType = 1;
			remoteGlobalIDString = E05608262AC41947008ED041;
			remoteInfo = "Cars Hub";
		};
/* End PBXContainerItemProxy section */

/* Begin PBXFileReference section */
		E00D2D982AC809ED0037AB1F /* UIFont Extension.swift */ = {isa = PBXFileReference; lastKnownFileType = sourcecode.swift; path = "UIFont Extension.swift"; sourceTree = "<group>"; };
		E00D2D9A2AC80BE10037AB1F /* CALayerExtension.swift */ = {isa = PBXFileReference; lastKnownFileType = sourcecode.swift; path = CALayerExtension.swift; sourceTree = "<group>"; };
		E00D2D9C2AC813170037AB1F /* CarsListViewController.swift */ = {isa = PBXFileReference; lastKnownFileType = sourcecode.swift; path = CarsListViewController.swift; sourceTree = "<group>"; };
		E00D2D9E2AC8141E0037AB1F /* CarsTableViewCell.swift */ = {isa = PBXFileReference; lastKnownFileType = sourcecode.swift; path = CarsTableViewCell.swift; sourceTree = "<group>"; };
		E00D2D9F2AC8141E0037AB1F /* CarsTableViewCell.xib */ = {isa = PBXFileReference; lastKnownFileType = file.xib; path = CarsTableViewCell.xib; sourceTree = "<group>"; };
		E00D2DA22AC823A90037AB1F /* TableViewExtension.swift */ = {isa = PBXFileReference; lastKnownFileType = sourcecode.swift; path = TableViewExtension.swift; sourceTree = "<group>"; };
		E035429F2AD2957F002B9286 /* CalculateHelper.swift */ = {isa = PBXFileReference; lastKnownFileType = sourcecode.swift; path = CalculateHelper.swift; sourceTree = "<group>"; };
		E03542A12AD2AD90002B9286 /* StringExtension.swift */ = {isa = PBXFileReference; lastKnownFileType = sourcecode.swift; path = StringExtension.swift; sourceTree = "<group>"; };
		E03542A32AD2B769002B9286 /* Int Extension.swift */ = {isa = PBXFileReference; lastKnownFileType = sourcecode.swift; path = "Int Extension.swift"; sourceTree = "<group>"; };
		E04F31982AC9A04400959600 /* CarsDashboardViewModel.swift */ = {isa = PBXFileReference; lastKnownFileType = sourcecode.swift; path = CarsDashboardViewModel.swift; sourceTree = "<group>"; };
		E05608272AC41947008ED041 /* Cars Hub.app */ = {isa = PBXFileReference; explicitFileType = wrapper.application; includeInIndex = 0; path = "Cars Hub.app"; sourceTree = BUILT_PRODUCTS_DIR; };
		E056082A2AC41947008ED041 /* AppDelegate.swift */ = {isa = PBXFileReference; lastKnownFileType = sourcecode.swift; path = AppDelegate.swift; sourceTree = "<group>"; };
		E056082C2AC41947008ED041 /* SceneDelegate.swift */ = {isa = PBXFileReference; lastKnownFileType = sourcecode.swift; path = SceneDelegate.swift; sourceTree = "<group>"; };
		E056082E2AC41947008ED041 /* CarsDashboardViewController.swift */ = {isa = PBXFileReference; lastKnownFileType = sourcecode.swift; path = CarsDashboardViewController.swift; sourceTree = "<group>"; };
		E05608312AC41947008ED041 /* Base */ = {isa = PBXFileReference; lastKnownFileType = file.storyboard; name = Base; path = Base.lproj/Main.storyboard; sourceTree = "<group>"; };
		E05608332AC41947008ED041 /* Assets.xcassets */ = {isa = PBXFileReference; lastKnownFileType = folder.assetcatalog; path = Assets.xcassets; sourceTree = "<group>"; };
		E05608362AC41947008ED041 /* Base */ = {isa = PBXFileReference; lastKnownFileType = file.storyboard; name = Base; path = Base.lproj/LaunchScreen.storyboard; sourceTree = "<group>"; };
		E05608382AC41947008ED041 /* Info.plist */ = {isa = PBXFileReference; lastKnownFileType = text.plist.xml; path = Info.plist; sourceTree = "<group>"; };
		E056083D2AC41948008ED041 /* Cars HubTests.xctest */ = {isa = PBXFileReference; explicitFileType = wrapper.cfbundle; includeInIndex = 0; path = "Cars HubTests.xctest"; sourceTree = BUILT_PRODUCTS_DIR; };
		E05608412AC41948008ED041 /* Cars_HubTests.swift */ = {isa = PBXFileReference; lastKnownFileType = sourcecode.swift; path = Cars_HubTests.swift; sourceTree = "<group>"; };
		E05608472AC41948008ED041 /* Cars HubUITests.xctest */ = {isa = PBXFileReference; explicitFileType = wrapper.cfbundle; includeInIndex = 0; path = "Cars HubUITests.xctest"; sourceTree = BUILT_PRODUCTS_DIR; };
		E056084B2AC41948008ED041 /* Cars_HubUITests.swift */ = {isa = PBXFileReference; lastKnownFileType = sourcecode.swift; path = Cars_HubUITests.swift; sourceTree = "<group>"; };
		E056084D2AC41948008ED041 /* Cars_HubUITestsLaunchTests.swift */ = {isa = PBXFileReference; lastKnownFileType = sourcecode.swift; path = Cars_HubUITestsLaunchTests.swift; sourceTree = "<group>"; };
		E0A45D5B2AC41AAE007F4BA8 /* DataManager.swift */ = {isa = PBXFileReference; lastKnownFileType = sourcecode.swift; path = DataManager.swift; sourceTree = "<group>"; };
		E0A45D5D2AC41AD0007F4BA8 /* DateExtension.swift */ = {isa = PBXFileReference; lastKnownFileType = sourcecode.swift; path = DateExtension.swift; sourceTree = "<group>"; };
		E0A45D5F2AC41ADF007F4BA8 /* UIColorExtension.swift */ = {isa = PBXFileReference; lastKnownFileType = sourcecode.swift; path = UIColorExtension.swift; sourceTree = "<group>"; };
		E0A45D612AC41AED007F4BA8 /* UIImageViewExtension.swift */ = {isa = PBXFileReference; lastKnownFileType = sourcecode.swift; path = UIImageViewExtension.swift; sourceTree = "<group>"; };
		E0A45D632AC41AFD007F4BA8 /* UIViewControllerExtension.swift */ = {isa = PBXFileReference; lastKnownFileType = sourcecode.swift; path = UIViewControllerExtension.swift; sourceTree = "<group>"; };
		E0A45D652AC41B59007F4BA8 /* AlertManager.swift */ = {isa = PBXFileReference; lastKnownFileType = sourcecode.swift; path = AlertManager.swift; sourceTree = "<group>"; };
		E0A45D672AC41BB2007F4BA8 /* WebServices.swift */ = {isa = PBXFileReference; lastKnownFileType = sourcecode.swift; path = WebServices.swift; sourceTree = "<group>"; };
		E0A45D692AC41C39007F4BA8 /* Coordinator.swift */ = {isa = PBXFileReference; lastKnownFileType = sourcecode.swift; path = Coordinator.swift; sourceTree = "<group>"; };
		E0A45D6C2AC41F1A007F4BA8 /* CarsData.swift */ = {isa = PBXFileReference; lastKnownFileType = sourcecode.swift; path = CarsData.swift; sourceTree = "<group>"; };
		E0EB03572AD14D3600B103BC /* CarDetailsTableViewCell.swift */ = {isa = PBXFileReference; lastKnownFileType = sourcecode.swift; path = CarDetailsTableViewCell.swift; sourceTree = "<group>"; };
		E0EB03582AD14D3600B103BC /* CarDetailsTableViewCell.xib */ = {isa = PBXFileReference; lastKnownFileType = file.xib; path = CarDetailsTableViewCell.xib; sourceTree = "<group>"; };
/* End PBXFileReference section */

/* Begin PBXFrameworksBuildPhase section */
		E05608242AC41947008ED041 /* Frameworks */ = {
			isa = PBXFrameworksBuildPhase;
			buildActionMask = 2147483647;
			files = (
				E0EB03542AD1378400B103BC /* SDWebImageMapKit in Frameworks */,
				E0EB03522AD1378400B103BC /* SDWebImage in Frameworks */,
			);
			runOnlyForDeploymentPostprocessing = 0;
		};
		E056083A2AC41948008ED041 /* Frameworks */ = {
			isa = PBXFrameworksBuildPhase;
			buildActionMask = 2147483647;
			files = (
			);
			runOnlyForDeploymentPostprocessing = 0;
		};
		E05608442AC41948008ED041 /* Frameworks */ = {
			isa = PBXFrameworksBuildPhase;
			buildActionMask = 2147483647;
			files = (
			);
			runOnlyForDeploymentPostprocessing = 0;
		};
/* End PBXFrameworksBuildPhase section */

/* Begin PBXGroup section */
		E04F31972AC9A02A00959600 /* CarsDashboardViewController */ = {
			isa = PBXGroup;
			children = (
				E056082E2AC41947008ED041 /* CarsDashboardViewController.swift */,
				E04F31982AC9A04400959600 /* CarsDashboardViewModel.swift */,
			);
			path = CarsDashboardViewController;
			sourceTree = "<group>";
		};
		E056081E2AC41947008ED041 = {
			isa = PBXGroup;
			children = (
				E05608292AC41947008ED041 /* Cars Hub */,
				E05608402AC41948008ED041 /* Cars HubTests */,
				E056084A2AC41948008ED041 /* Cars HubUITests */,
				E05608282AC41947008ED041 /* Products */,
			);
			sourceTree = "<group>";
		};
		E05608282AC41947008ED041 /* Products */ = {
			isa = PBXGroup;
			children = (
				E05608272AC41947008ED041 /* Cars Hub.app */,
				E056083D2AC41948008ED041 /* Cars HubTests.xctest */,
				E05608472AC41948008ED041 /* Cars HubUITests.xctest */,
			);
			name = Products;
			sourceTree = "<group>";
		};
		E05608292AC41947008ED041 /* Cars Hub */ = {
			isa = PBXGroup;
			children = (
				E0A45D592AC419F8007F4BA8 /* Models */,
				E056085C2AC41966008ED041 /* Helpers */,
				E056085B2AC4195F008ED041 /* Tools */,
				E0A45D6B2AC41D2D007F4BA8 /* CustomCells */,
				E056085A2AC41955008ED041 /* ViewControllers */,
				E056082A2AC41947008ED041 /* AppDelegate.swift */,
				E056082C2AC41947008ED041 /* SceneDelegate.swift */,
				E05608302AC41947008ED041 /* Main.storyboard */,
				E05608332AC41947008ED041 /* Assets.xcassets */,
				E05608352AC41947008ED041 /* LaunchScreen.storyboard */,
				E05608382AC41947008ED041 /* Info.plist */,
			);
			path = "Cars Hub";
			sourceTree = "<group>";
		};
		E05608402AC41948008ED041 /* Cars HubTests */ = {
			isa = PBXGroup;
			children = (
				E05608412AC41948008ED041 /* Cars_HubTests.swift */,
			);
			path = "Cars HubTests";
			sourceTree = "<group>";
		};
		E056084A2AC41948008ED041 /* Cars HubUITests */ = {
			isa = PBXGroup;
			children = (
				E056084B2AC41948008ED041 /* Cars_HubUITests.swift */,
				E056084D2AC41948008ED041 /* Cars_HubUITestsLaunchTests.swift */,
			);
			path = "Cars HubUITests";
			sourceTree = "<group>";
		};
		E056085A2AC41955008ED041 /* ViewControllers */ = {
			isa = PBXGroup;
			children = (
				E04F31972AC9A02A00959600 /* CarsDashboardViewController */,
				E00D2D9C2AC813170037AB1F /* CarsListViewController.swift */,
			);
			path = ViewControllers;
			sourceTree = "<group>";
		};
		E056085B2AC4195F008ED041 /* Tools */ = {
			isa = PBXGroup;
			children = (
				E0A45D572AC419D7007F4BA8 /* Coordinator */,
				E0A45D562AC419CA007F4BA8 /* Web Services */,
			);
			path = Tools;
			sourceTree = "<group>";
		};
		E056085C2AC41966008ED041 /* Helpers */ = {
			isa = PBXGroup;
			children = (
				E0A45D5A2AC41A88007F4BA8 /* DataManager */,
				E0A45D582AC419E1007F4BA8 /* Extensions */,
				E0A45D652AC41B59007F4BA8 /* AlertManager.swift */,
				E035429F2AD2957F002B9286 /* CalculateHelper.swift */,
			);
			path = Helpers;
			sourceTree = "<group>";
		};
		E0A45D562AC419CA007F4BA8 /* Web Services */ = {
			isa = PBXGroup;
			children = (
				E0A45D672AC41BB2007F4BA8 /* WebServices.swift */,
			);
			path = "Web Services";
			sourceTree = "<group>";
		};
		E0A45D572AC419D7007F4BA8 /* Coordinator */ = {
			isa = PBXGroup;
			children = (
				E0A45D692AC41C39007F4BA8 /* Coordinator.swift */,
			);
			path = Coordinator;
			sourceTree = "<group>";
		};
		E0A45D582AC419E1007F4BA8 /* Extensions */ = {
			isa = PBXGroup;
			children = (
				E0A45D5D2AC41AD0007F4BA8 /* DateExtension.swift */,
				E0A45D5F2AC41ADF007F4BA8 /* UIColorExtension.swift */,
				E0A45D612AC41AED007F4BA8 /* UIImageViewExtension.swift */,
				E0A45D632AC41AFD007F4BA8 /* UIViewControllerExtension.swift */,
				E00D2D982AC809ED0037AB1F /* UIFont Extension.swift */,
				E00D2D9A2AC80BE10037AB1F /* CALayerExtension.swift */,
				E00D2DA22AC823A90037AB1F /* TableViewExtension.swift */,
				E03542A12AD2AD90002B9286 /* StringExtension.swift */,
				E03542A32AD2B769002B9286 /* Int Extension.swift */,
			);
			path = Extensions;
			sourceTree = "<group>";
		};
		E0A45D592AC419F8007F4BA8 /* Models */ = {
			isa = PBXGroup;
			children = (
				E0A45D6C2AC41F1A007F4BA8 /* CarsData.swift */,
			);
			path = Models;
			sourceTree = "<group>";
		};
		E0A45D5A2AC41A88007F4BA8 /* DataManager */ = {
			isa = PBXGroup;
			children = (
				E0A45D5B2AC41AAE007F4BA8 /* DataManager.swift */,
			);
			path = DataManager;
			sourceTree = "<group>";
		};
		E0A45D6B2AC41D2D007F4BA8 /* CustomCells */ = {
			isa = PBXGroup;
			children = (
				E0EB03562AD14D1400B103BC /* CarDetailsTableViewCell */,
				E0EB03552AD14D0200B103BC /* CarsListTableViewCell */,
			);
			path = CustomCells;
			sourceTree = "<group>";
		};
		E0EB03552AD14D0200B103BC /* CarsListTableViewCell */ = {
			isa = PBXGroup;
			children = (
				E00D2D9E2AC8141E0037AB1F /* CarsTableViewCell.swift */,
				E00D2D9F2AC8141E0037AB1F /* CarsTableViewCell.xib */,
			);
			path = CarsListTableViewCell;
			sourceTree = "<group>";
		};
		E0EB03562AD14D1400B103BC /* CarDetailsTableViewCell */ = {
			isa = PBXGroup;
			children = (
				E0EB03572AD14D3600B103BC /* CarDetailsTableViewCell.swift */,
				E0EB03582AD14D3600B103BC /* CarDetailsTableViewCell.xib */,
			);
			path = CarDetailsTableViewCell;
			sourceTree = "<group>";
		};
/* End PBXGroup section */

/* Begin PBXNativeTarget section */
		E05608262AC41947008ED041 /* Cars Hub */ = {
			isa = PBXNativeTarget;
			buildConfigurationList = E05608512AC41948008ED041 /* Build configuration list for PBXNativeTarget "Cars Hub" */;
			buildPhases = (
				E05608232AC41947008ED041 /* Sources */,
				E05608242AC41947008ED041 /* Frameworks */,
				E05608252AC41947008ED041 /* Resources */,
			);
			buildRules = (
			);
			dependencies = (
			);
			name = "Cars Hub";
			packageProductDependencies = (
				E0EB03512AD1378400B103BC /* SDWebImage */,
				E0EB03532AD1378400B103BC /* SDWebImageMapKit */,
			);
			productName = "Cars Hub";
			productReference = E05608272AC41947008ED041 /* Cars Hub.app */;
			productType = "com.apple.product-type.application";
		};
		E056083C2AC41948008ED041 /* Cars HubTests */ = {
			isa = PBXNativeTarget;
			buildConfigurationList = E05608542AC41948008ED041 /* Build configuration list for PBXNativeTarget "Cars HubTests" */;
			buildPhases = (
				E05608392AC41948008ED041 /* Sources */,
				E056083A2AC41948008ED041 /* Frameworks */,
				E056083B2AC41948008ED041 /* Resources */,
			);
			buildRules = (
			);
			dependencies = (
				E056083F2AC41948008ED041 /* PBXTargetDependency */,
			);
			name = "Cars HubTests";
			productName = "Cars HubTests";
			productReference = E056083D2AC41948008ED041 /* Cars HubTests.xctest */;
			productType = "com.apple.product-type.bundle.unit-test";
		};
		E05608462AC41948008ED041 /* Cars HubUITests */ = {
			isa = PBXNativeTarget;
			buildConfigurationList = E05608572AC41948008ED041 /* Build configuration list for PBXNativeTarget "Cars HubUITests" */;
			buildPhases = (
				E05608432AC41948008ED041 /* Sources */,
				E05608442AC41948008ED041 /* Frameworks */,
				E05608452AC41948008ED041 /* Resources */,
			);
			buildRules = (
			);
			dependencies = (
				E05608492AC41948008ED041 /* PBXTargetDependency */,
			);
			name = "Cars HubUITests";
			productName = "Cars HubUITests";
			productReference = E05608472AC41948008ED041 /* Cars HubUITests.xctest */;
			productType = "com.apple.product-type.bundle.ui-testing";
		};
/* End PBXNativeTarget section */

/* Begin PBXProject section */
		E056081F2AC41947008ED041 /* Project object */ = {
			isa = PBXProject;
			attributes = {
				BuildIndependentTargetsInParallel = 1;
				LastSwiftUpdateCheck = 1500;
				LastUpgradeCheck = 1500;
				TargetAttributes = {
					E05608262AC41947008ED041 = {
						CreatedOnToolsVersion = 15.0;
					};
					E056083C2AC41948008ED041 = {
						CreatedOnToolsVersion = 15.0;
						TestTargetID = E05608262AC41947008ED041;
					};
					E05608462AC41948008ED041 = {
						CreatedOnToolsVersion = 15.0;
						TestTargetID = E05608262AC41947008ED041;
					};
				};
			};
			buildConfigurationList = E05608222AC41947008ED041 /* Build configuration list for PBXProject "Cars Hub" */;
			compatibilityVersion = "Xcode 14.0";
			developmentRegion = en;
			hasScannedForEncodings = 0;
			knownRegions = (
				en,
				Base,
			);
			mainGroup = E056081E2AC41947008ED041;
			packageReferences = (
				E0F8DBCD2AD136BC006FEC08 /* XCLocalSwiftPackageReference "../../Downloads/SDWebImage-master" */,
			);
			productRefGroup = E05608282AC41947008ED041 /* Products */;
			projectDirPath = "";
			projectRoot = "";
			targets = (
				E05608262AC41947008ED041 /* Cars Hub */,
				E056083C2AC41948008ED041 /* Cars HubTests */,
				E05608462AC41948008ED041 /* Cars HubUITests */,
			);
		};
/* End PBXProject section */

/* Begin PBXResourcesBuildPhase section */
		E05608252AC41947008ED041 /* Resources */ = {
			isa = PBXResourcesBuildPhase;
			buildActionMask = 2147483647;
			files = (
				E05608372AC41947008ED041 /* LaunchScreen.storyboard in Resources */,
				E05608342AC41947008ED041 /* Assets.xcassets in Resources */,
				E00D2DA12AC8141E0037AB1F /* CarsTableViewCell.xib in Resources */,
				E0EB035A2AD14D3600B103BC /* CarDetailsTableViewCell.xib in Resources */,
				E05608322AC41947008ED041 /* Main.storyboard in Resources */,
			);
			runOnlyForDeploymentPostprocessing = 0;
		};
		E056083B2AC41948008ED041 /* Resources */ = {
			isa = PBXResourcesBuildPhase;
			buildActionMask = 2147483647;
			files = (
			);
			runOnlyForDeploymentPostprocessing = 0;
		};
		E05608452AC41948008ED041 /* Resources */ = {
			isa = PBXResourcesBuildPhase;
			buildActionMask = 2147483647;
			files = (
			);
			runOnlyForDeploymentPostprocessing = 0;
		};
/* End PBXResourcesBuildPhase section */

/* Begin PBXSourcesBuildPhase section */
		E05608232AC41947008ED041 /* Sources */ = {
			isa = PBXSourcesBuildPhase;
			buildActionMask = 2147483647;
			files = (
				E04F31992AC9A04400959600 /* CarsDashboardViewModel.swift in Sources */,
				E056082F2AC41947008ED041 /* CarsDashboardViewController.swift in Sources */,
				E00D2D9D2AC813170037AB1F /* CarsListViewController.swift in Sources */,
				E0A45D622AC41AED007F4BA8 /* UIImageViewExtension.swift in Sources */,
				E0A45D5E2AC41AD0007F4BA8 /* DateExtension.swift in Sources */,
				E0A45D5C2AC41AAE007F4BA8 /* DataManager.swift in Sources */,
				E0A45D642AC41AFD007F4BA8 /* UIViewControllerExtension.swift in Sources */,
				E056082B2AC41947008ED041 /* AppDelegate.swift in Sources */,
				E03542A22AD2AD90002B9286 /* StringExtension.swift in Sources */,
				E00D2D992AC809ED0037AB1F /* UIFont Extension.swift in Sources */,
				E0A45D6A2AC41C39007F4BA8 /* Coordinator.swift in Sources */,
				E03542A02AD2957F002B9286 /* CalculateHelper.swift in Sources */,
				E0A45D682AC41BB2007F4BA8 /* WebServices.swift in Sources */,
				E00D2D9B2AC80BE10037AB1F /* CALayerExtension.swift in Sources */,
				E056082D2AC41947008ED041 /* SceneDelegate.swift in Sources */,
				E0A45D602AC41ADF007F4BA8 /* UIColorExtension.swift in Sources */,
				E00D2DA32AC823A90037AB1F /* TableViewExtension.swift in Sources */,
				E0EB03592AD14D3600B103BC /* CarDetailsTableViewCell.swift in Sources */,
				E0A45D662AC41B59007F4BA8 /* AlertManager.swift in Sources */,
				E00D2DA02AC8141E0037AB1F /* CarsTableViewCell.swift in Sources */,
				E03542A42AD2B769002B9286 /* Int Extension.swift in Sources */,
				E0A45D6D2AC41F1A007F4BA8 /* CarsData.swift in Sources */,
			);
			runOnlyForDeploymentPostprocessing = 0;
		};
		E05608392AC41948008ED041 /* Sources */ = {
			isa = PBXSourcesBuildPhase;
			buildActionMask = 2147483647;
			files = (
				E05608422AC41948008ED041 /* Cars_HubTests.swift in Sources */,
			);
			runOnlyForDeploymentPostprocessing = 0;
		};
		E05608432AC41948008ED041 /* Sources */ = {
			isa = PBXSourcesBuildPhase;
			buildActionMask = 2147483647;
			files = (
				E056084E2AC41948008ED041 /* Cars_HubUITestsLaunchTests.swift in Sources */,
				E056084C2AC41948008ED041 /* Cars_HubUITests.swift in Sources */,
			);
			runOnlyForDeploymentPostprocessing = 0;
		};
/* End PBXSourcesBuildPhase section */

/* Begin PBXTargetDependency section */
		E056083F2AC41948008ED041 /* PBXTargetDependency */ = {
			isa = PBXTargetDependency;
			target = E05608262AC41947008ED041 /* Cars Hub */;
			targetProxy = E056083E2AC41948008ED041 /* PBXContainerItemProxy */;
		};
		E05608492AC41948008ED041 /* PBXTargetDependency */ = {
			isa = PBXTargetDependency;
			target = E05608262AC41947008ED041 /* Cars Hub */;
			targetProxy = E05608482AC41948008ED041 /* PBXContainerItemProxy */;
		};
/* End PBXTargetDependency section */

/* Begin PBXVariantGroup section */
		E05608302AC41947008ED041 /* Main.storyboard */ = {
			isa = PBXVariantGroup;
			children = (
				E05608312AC41947008ED041 /* Base */,
			);
			name = Main.storyboard;
			sourceTree = "<group>";
		};
		E05608352AC41947008ED041 /* LaunchScreen.storyboard */ = {
			isa = PBXVariantGroup;
			children = (
				E05608362AC41947008ED041 /* Base */,
			);
			name = LaunchScreen.storyboard;
			sourceTree = "<group>";
		};
/* End PBXVariantGroup section */

/* Begin XCBuildConfiguration section */
		E056084F2AC41948008ED041 /* Debug */ = {
			isa = XCBuildConfiguration;
			buildSettings = {
				ALWAYS_SEARCH_USER_PATHS = NO;
				ASSETCATALOG_COMPILER_GENERATE_SWIFT_ASSET_SYMBOL_EXTENSIONS = YES;
				CLANG_ANALYZER_NONNULL = YES;
				CLANG_ANALYZER_NUMBER_OBJECT_CONVERSION = YES_AGGRESSIVE;
				CLANG_CXX_LANGUAGE_STANDARD = "gnu++20";
				CLANG_ENABLE_MODULES = YES;
				CLANG_ENABLE_OBJC_ARC = YES;
				CLANG_ENABLE_OBJC_WEAK = YES;
				CLANG_WARN_BLOCK_CAPTURE_AUTORELEASING = YES;
				CLANG_WARN_BOOL_CONVERSION = YES;
				CLANG_WARN_COMMA = YES;
				CLANG_WARN_CONSTANT_CONVERSION = YES;
				CLANG_WARN_DEPRECATED_OBJC_IMPLEMENTATIONS = YES;
				CLANG_WARN_DIRECT_OBJC_ISA_USAGE = YES_ERROR;
				CLANG_WARN_DOCUMENTATION_COMMENTS = YES;
				CLANG_WARN_EMPTY_BODY = YES;
				CLANG_WARN_ENUM_CONVERSION = YES;
				CLANG_WARN_INFINITE_RECURSION = YES;
				CLANG_WARN_INT_CONVERSION = YES;
				CLANG_WARN_NON_LITERAL_NULL_CONVERSION = YES;
				CLANG_WARN_OBJC_IMPLICIT_RETAIN_SELF = YES;
				CLANG_WARN_OBJC_LITERAL_CONVERSION = YES;
				CLANG_WARN_OBJC_ROOT_CLASS = YES_ERROR;
				CLANG_WARN_QUOTED_INCLUDE_IN_FRAMEWORK_HEADER = YES;
				CLANG_WARN_RANGE_LOOP_ANALYSIS = YES;
				CLANG_WARN_STRICT_PROTOTYPES = YES;
				CLANG_WARN_SUSPICIOUS_MOVE = YES;
				CLANG_WARN_UNGUARDED_AVAILABILITY = YES_AGGRESSIVE;
				CLANG_WARN_UNREACHABLE_CODE = YES;
				CLANG_WARN__DUPLICATE_METHOD_MATCH = YES;
				COPY_PHASE_STRIP = NO;
				DEBUG_INFORMATION_FORMAT = dwarf;
				ENABLE_STRICT_OBJC_MSGSEND = YES;
				ENABLE_TESTABILITY = YES;
				ENABLE_USER_SCRIPT_SANDBOXING = YES;
				GCC_C_LANGUAGE_STANDARD = gnu17;
				GCC_DYNAMIC_NO_PIC = NO;
				GCC_NO_COMMON_BLOCKS = YES;
				GCC_OPTIMIZATION_LEVEL = 0;
				GCC_PREPROCESSOR_DEFINITIONS = (
					"DEBUG=1",
					"$(inherited)",
				);
				GCC_WARN_64_TO_32_BIT_CONVERSION = YES;
				GCC_WARN_ABOUT_RETURN_TYPE = YES_ERROR;
				GCC_WARN_UNDECLARED_SELECTOR = YES;
				GCC_WARN_UNINITIALIZED_AUTOS = YES_AGGRESSIVE;
				GCC_WARN_UNUSED_FUNCTION = YES;
				GCC_WARN_UNUSED_VARIABLE = YES;
				IPHONEOS_DEPLOYMENT_TARGET = 17.0;
				LOCALIZATION_PREFERS_STRING_CATALOGS = YES;
				MTL_ENABLE_DEBUG_INFO = INCLUDE_SOURCE;
				MTL_FAST_MATH = YES;
				ONLY_ACTIVE_ARCH = YES;
				SDKROOT = iphoneos;
				SWIFT_ACTIVE_COMPILATION_CONDITIONS = "DEBUG $(inherited)";
				SWIFT_OPTIMIZATION_LEVEL = "-Onone";
			};
			name = Debug;
		};
		E05608502AC41948008ED041 /* Release */ = {
			isa = XCBuildConfiguration;
			buildSettings = {
				ALWAYS_SEARCH_USER_PATHS = NO;
				ASSETCATALOG_COMPILER_GENERATE_SWIFT_ASSET_SYMBOL_EXTENSIONS = YES;
				CLANG_ANALYZER_NONNULL = YES;
				CLANG_ANALYZER_NUMBER_OBJECT_CONVERSION = YES_AGGRESSIVE;
				CLANG_CXX_LANGUAGE_STANDARD = "gnu++20";
				CLANG_ENABLE_MODULES = YES;
				CLANG_ENABLE_OBJC_ARC = YES;
				CLANG_ENABLE_OBJC_WEAK = YES;
				CLANG_WARN_BLOCK_CAPTURE_AUTORELEASING = YES;
				CLANG_WARN_BOOL_CONVERSION = YES;
				CLANG_WARN_COMMA = YES;
				CLANG_WARN_CONSTANT_CONVERSION = YES;
				CLANG_WARN_DEPRECATED_OBJC_IMPLEMENTATIONS = YES;
				CLANG_WARN_DIRECT_OBJC_ISA_USAGE = YES_ERROR;
				CLANG_WARN_DOCUMENTATION_COMMENTS = YES;
				CLANG_WARN_EMPTY_BODY = YES;
				CLANG_WARN_ENUM_CONVERSION = YES;
				CLANG_WARN_INFINITE_RECURSION = YES;
				CLANG_WARN_INT_CONVERSION = YES;
				CLANG_WARN_NON_LITERAL_NULL_CONVERSION = YES;
				CLANG_WARN_OBJC_IMPLICIT_RETAIN_SELF = YES;
				CLANG_WARN_OBJC_LITERAL_CONVERSION = YES;
				CLANG_WARN_OBJC_ROOT_CLASS = YES_ERROR;
				CLANG_WARN_QUOTED_INCLUDE_IN_FRAMEWORK_HEADER = YES;
				CLANG_WARN_RANGE_LOOP_ANALYSIS = YES;
				CLANG_WARN_STRICT_PROTOTYPES = YES;
				CLANG_WARN_SUSPICIOUS_MOVE = YES;
				CLANG_WARN_UNGUARDED_AVAILABILITY = YES_AGGRESSIVE;
				CLANG_WARN_UNREACHABLE_CODE = YES;
				CLANG_WARN__DUPLICATE_METHOD_MATCH = YES;
				COPY_PHASE_STRIP = NO;
				DEBUG_INFORMATION_FORMAT = "dwarf-with-dsym";
				ENABLE_NS_ASSERTIONS = NO;
				ENABLE_STRICT_OBJC_MSGSEND = YES;
				ENABLE_USER_SCRIPT_SANDBOXING = YES;
				GCC_C_LANGUAGE_STANDARD = gnu17;
				GCC_NO_COMMON_BLOCKS = YES;
				GCC_WARN_64_TO_32_BIT_CONVERSION = YES;
				GCC_WARN_ABOUT_RETURN_TYPE = YES_ERROR;
				GCC_WARN_UNDECLARED_SELECTOR = YES;
				GCC_WARN_UNINITIALIZED_AUTOS = YES_AGGRESSIVE;
				GCC_WARN_UNUSED_FUNCTION = YES;
				GCC_WARN_UNUSED_VARIABLE = YES;
				IPHONEOS_DEPLOYMENT_TARGET = 17.0;
				LOCALIZATION_PREFERS_STRING_CATALOGS = YES;
				MTL_ENABLE_DEBUG_INFO = NO;
				MTL_FAST_MATH = YES;
				SDKROOT = iphoneos;
				SWIFT_COMPILATION_MODE = wholemodule;
				VALIDATE_PRODUCT = YES;
			};
			name = Release;
		};
		E05608522AC41948008ED041 /* Debug */ = {
			isa = XCBuildConfiguration;
			buildSettings = {
				ASSETCATALOG_COMPILER_APPICON_NAME = AppIcon;
				ASSETCATALOG_COMPILER_GLOBAL_ACCENT_COLOR_NAME = AccentColor;
				CODE_SIGN_IDENTITY = "Apple Development";
				CODE_SIGN_STYLE = Automatic;
				CURRENT_PROJECT_VERSION = 1;
				DEVELOPMENT_TEAM = NA979M4P72;
				GENERATE_INFOPLIST_FILE = YES;
				INFOPLIST_FILE = "Cars Hub/Info.plist";
				INFOPLIST_KEY_UIApplicationSupportsIndirectInputEvents = YES;
				INFOPLIST_KEY_UILaunchStoryboardName = LaunchScreen;
				INFOPLIST_KEY_UIMainStoryboardFile = Main;
				INFOPLIST_KEY_UISupportedInterfaceOrientations_iPad = "UIInterfaceOrientationPortrait UIInterfaceOrientationPortraitUpsideDown UIInterfaceOrientationLandscapeLeft UIInterfaceOrientationLandscapeRight";
				INFOPLIST_KEY_UISupportedInterfaceOrientations_iPhone = "UIInterfaceOrientationPortrait UIInterfaceOrientationLandscapeLeft UIInterfaceOrientationLandscapeRight";
				IPHONEOS_DEPLOYMENT_TARGET = 16.0;
				LD_RUNPATH_SEARCH_PATHS = (
					"$(inherited)",
					"@executable_path/Frameworks",
				);
				MARKETING_VERSION = 1.0;
				PRODUCT_BUNDLE_IDENTIFIER = "test.Cars-Hub";
				PRODUCT_NAME = "$(TARGET_NAME)";
				PROVISIONING_PROFILE_SPECIFIER = "";
				SWIFT_EMIT_LOC_STRINGS = YES;
				SWIFT_VERSION = 5.0;
				TARGETED_DEVICE_FAMILY = "1,2";
			};
			name = Debug;
		};
		E05608532AC41948008ED041 /* Release */ = {
			isa = XCBuildConfiguration;
			buildSettings = {
				ASSETCATALOG_COMPILER_APPICON_NAME = AppIcon;
				ASSETCATALOG_COMPILER_GLOBAL_ACCENT_COLOR_NAME = AccentColor;
				CODE_SIGN_IDENTITY = "Apple Development";
				CODE_SIGN_STYLE = Automatic;
				CURRENT_PROJECT_VERSION = 1;
				DEVELOPMENT_TEAM = NA979M4P72;
				GENERATE_INFOPLIST_FILE = YES;
				INFOPLIST_FILE = "Cars Hub/Info.plist";
				INFOPLIST_KEY_UIApplicationSupportsIndirectInputEvents = YES;
				INFOPLIST_KEY_UILaunchStoryboardName = LaunchScreen;
				INFOPLIST_KEY_UIMainStoryboardFile = Main;
				INFOPLIST_KEY_UISupportedInterfaceOrientations_iPad = "UIInterfaceOrientationPortrait UIInterfaceOrientationPortraitUpsideDown UIInterfaceOrientationLandscapeLeft UIInterfaceOrientationLandscapeRight";
				INFOPLIST_KEY_UISupportedInterfaceOrientations_iPhone = "UIInterfaceOrientationPortrait UIInterfaceOrientationLandscapeLeft UIInterfaceOrientationLandscapeRight";
				IPHONEOS_DEPLOYMENT_TARGET = 16.0;
				LD_RUNPATH_SEARCH_PATHS = (
					"$(inherited)",
					"@executable_path/Frameworks",
				);
				MARKETING_VERSION = 1.0;
				PRODUCT_BUNDLE_IDENTIFIER = "test.Cars-Hub";
				PRODUCT_NAME = "$(TARGET_NAME)";
				PROVISIONING_PROFILE_SPECIFIER = "";
				SWIFT_EMIT_LOC_STRINGS = YES;
				SWIFT_VERSION = 5.0;
				TARGETED_DEVICE_FAMILY = "1,2";
			};
			name = Release;
		};
		E05608552AC41948008ED041 /* Debug */ = {
			isa = XCBuildConfiguration;
			buildSettings = {
				ALWAYS_EMBED_SWIFT_STANDARD_LIBRARIES = YES;
				BUNDLE_LOADER = "$(TEST_HOST)";
				CODE_SIGN_STYLE = Automatic;
				CURRENT_PROJECT_VERSION = 1;
				GENERATE_INFOPLIST_FILE = YES;
				IPHONEOS_DEPLOYMENT_TARGET = 17.0;
				MARKETING_VERSION = 1.0;
				PRODUCT_BUNDLE_IDENTIFIER = "test.Cars-HubTests";
				PRODUCT_NAME = "$(TARGET_NAME)";
				SWIFT_EMIT_LOC_STRINGS = NO;
				SWIFT_VERSION = 5.0;
				TARGETED_DEVICE_FAMILY = "1,2";
				TEST_HOST = "$(BUILT_PRODUCTS_DIR)/Cars Hub.app/$(BUNDLE_EXECUTABLE_FOLDER_PATH)/Cars Hub";
			};
			name = Debug;
		};
		E05608562AC41948008ED041 /* Release */ = {
			isa = XCBuildConfiguration;
			buildSettings = {
				ALWAYS_EMBED_SWIFT_STANDARD_LIBRARIES = YES;
				BUNDLE_LOADER = "$(TEST_HOST)";
				CODE_SIGN_STYLE = Automatic;
				CURRENT_PROJECT_VERSION = 1;
				GENERATE_INFOPLIST_FILE = YES;
				IPHONEOS_DEPLOYMENT_TARGET = 17.0;
				MARKETING_VERSION = 1.0;
				PRODUCT_BUNDLE_IDENTIFIER = "test.Cars-HubTests";
				PRODUCT_NAME = "$(TARGET_NAME)";
				SWIFT_EMIT_LOC_STRINGS = NO;
				SWIFT_VERSION = 5.0;
				TARGETED_DEVICE_FAMILY = "1,2";
				TEST_HOST = "$(BUILT_PRODUCTS_DIR)/Cars Hub.app/$(BUNDLE_EXECUTABLE_FOLDER_PATH)/Cars Hub";
			};
			name = Release;
		};
		E05608582AC41948008ED041 /* Debug */ = {
			isa = XCBuildConfiguration;
			buildSettings = {
				ALWAYS_EMBED_SWIFT_STANDARD_LIBRARIES = YES;
				CODE_SIGN_STYLE = Automatic;
				CURRENT_PROJECT_VERSION = 1;
				GENERATE_INFOPLIST_FILE = YES;
				MARKETING_VERSION = 1.0;
				PRODUCT_BUNDLE_IDENTIFIER = "test.Cars-HubUITests";
				PRODUCT_NAME = "$(TARGET_NAME)";
				SWIFT_EMIT_LOC_STRINGS = NO;
				SWIFT_VERSION = 5.0;
				TARGETED_DEVICE_FAMILY = "1,2";
				TEST_TARGET_NAME = "Cars Hub";
			};
			name = Debug;
		};
		E05608592AC41948008ED041 /* Release */ = {
			isa = XCBuildConfiguration;
			buildSettings = {
				ALWAYS_EMBED_SWIFT_STANDARD_LIBRARIES = YES;
				CODE_SIGN_STYLE = Automatic;
				CURRENT_PROJECT_VERSION = 1;
				GENERATE_INFOPLIST_FILE = YES;
				MARKETING_VERSION = 1.0;
				PRODUCT_BUNDLE_IDENTIFIER = "test.Cars-HubUITests";
				PRODUCT_NAME = "$(TARGET_NAME)";
				SWIFT_EMIT_LOC_STRINGS = NO;
				SWIFT_VERSION = 5.0;
				TARGETED_DEVICE_FAMILY = "1,2";
				TEST_TARGET_NAME = "Cars Hub";
			};
			name = Release;
		};
/* End XCBuildConfiguration section */

/* Begin XCConfigurationList section */
		E05608222AC41947008ED041 /* Build configuration list for PBXProject "Cars Hub" */ = {
			isa = XCConfigurationList;
			buildConfigurations = (
				E056084F2AC41948008ED041 /* Debug */,
				E05608502AC41948008ED041 /* Release */,
			);
			defaultConfigurationIsVisible = 0;
			defaultConfigurationName = Release;
		};
		E05608512AC41948008ED041 /* Build configuration list for PBXNativeTarget "Cars Hub" */ = {
			isa = XCConfigurationList;
			buildConfigurations = (
				E05608522AC41948008ED041 /* Debug */,
				E05608532AC41948008ED041 /* Release */,
			);
			defaultConfigurationIsVisible = 0;
			defaultConfigurationName = Release;
		};
		E05608542AC41948008ED041 /* Build configuration list for PBXNativeTarget "Cars HubTests" */ = {
			isa = XCConfigurationList;
			buildConfigurations = (
				E05608552AC41948008ED041 /* Debug */,
				E05608562AC41948008ED041 /* Release */,
			);
			defaultConfigurationIsVisible = 0;
			defaultConfigurationName = Release;
		};
		E05608572AC41948008ED041 /* Build configuration list for PBXNativeTarget "Cars HubUITests" */ = {
			isa = XCConfigurationList;
			buildConfigurations = (
				E05608582AC41948008ED041 /* Debug */,
				E05608592AC41948008ED041 /* Release */,
			);
			defaultConfigurationIsVisible = 0;
			defaultConfigurationName = Release;
		};
/* End XCConfigurationList section */

/* Begin XCLocalSwiftPackageReference section */
		E0F8DBCD2AD136BC006FEC08 /* XCLocalSwiftPackageReference "../../Downloads/SDWebImage-master" */ = {
			isa = XCLocalSwiftPackageReference;
			relativePath = "../../Downloads/SDWebImage-master";
		};
/* End XCLocalSwiftPackageReference section */

/* Begin XCSwiftPackageProductDependency section */
		E0EB03512AD1378400B103BC /* SDWebImage */ = {
			isa = XCSwiftPackageProductDependency;
			productName = SDWebImage;
		};
		E0EB03532AD1378400B103BC /* SDWebImageMapKit */ = {
			isa = XCSwiftPackageProductDependency;
			productName = SDWebImageMapKit;
		};
/* End XCSwiftPackageProductDependency section */
	};
	rootObject = E056081F2AC41947008ED041 /* Project object */;
}
